
Microsoft Visual Studio Solution File, Format Version 12.00
# Visual Studio Version 17
VisualStudioVersion = 17.5.33516.290
MinimumVisualStudioVersion = 10.0.40219.1
Project("{9A19103F-16F7-4668-BE54-9A1E7A4F7556}") = "lab6", "ConsoleApp1\lab6.csproj", "{10BAF9D6-6A48-4688-860B-D61F19E486B3}"
EndProject
Global
	GlobalSection(SolutionConfigurationPlatforms) = preSolution
		Debug|Any CPU = Debug|Any CPU
		Release|Any CPU = Release|Any CPU
	EndGlobalSection
	GlobalSection(ProjectConfigurationPlatforms) = postSolution
		{10BAF9D6-6A48-4688-860B-D61F19E486B3}.Debug|Any CPU.ActiveCfg = Debug|Any CPU
		{10BAF9D6-6A48-4688-860B-D61F19E486B3}.Debug|Any CPU.Build.0 = Debug|Any CPU
		{10BAF9D6-6A48-4688-860B-D61F19E486B3}.Release|Any CPU.ActiveCfg = Release|Any CPU
		{10BAF9D6-6A48-4688-860B-D61F19E486B3}.Release|Any CPU.Build.0 = Release|Any CPU
	EndGlobalSection
	GlobalSection(SolutionProperties) = preSolution
		HideSolutionNode = FALSE
	EndGlobalSection
	GlobalSection(ExtensibilityGlobals) = postSolution
		SolutionGuid = {F7347F17-E6B4-4679-8489-E4E67C75E66F}
	EndGlobalSection
EndGlobal
