
Microsoft Visual Studio Solution File, Format Version 12.00
# Visual Studio Version 17
VisualStudioVersion = 17.5.33516.290
MinimumVisualStudioVersion = 10.0.40219.1
Project("{FAE04EC0-301F-11D3-BF4B-00C04F79EFBC}") = "lab7", "lab7.csproj", "{63F1DC49-092F-45DD-8324-3DE13F858E93}"
EndProject
Global
	GlobalSection(SolutionConfigurationPlatforms) = preSolution
		Debug|Any CPU = Debug|Any CPU
		Release|Any CPU = Release|Any CPU
	EndGlobalSection
	GlobalSection(ProjectConfigurationPlatforms) = postSolution
		{63F1DC49-092F-45DD-8324-3DE13F858E93}.Debug|Any CPU.ActiveCfg = Debug|Any CPU
		{63F1DC49-092F-45DD-8324-3DE13F858E93}.Debug|Any CPU.Build.0 = Debug|Any CPU
		{63F1DC49-092F-45DD-8324-3DE13F858E93}.Release|Any CPU.ActiveCfg = Release|Any CPU
		{63F1DC49-092F-45DD-8324-3DE13F858E93}.Release|Any CPU.Build.0 = Release|Any CPU
	EndGlobalSection
	GlobalSection(SolutionProperties) = preSolution
		HideSolutionNode = FALSE
	EndGlobalSection
	GlobalSection(ExtensibilityGlobals) = postSolution
		SolutionGuid = {A902D347-E778-492A-829D-7BF048D7BAF4}
	EndGlobalSection
EndGlobal
